// !$*UTF8*$!
{
	archiveVersion = 1;
	classes = {
	};
	objectVersion = 52;
	objects = {

/* Begin PBXBuildFile section */
		3228CE6425F84425000A8C5D /* AppDelegate.swift in Sources */ = {isa = PBXBuildFile; fileRef = 3228CE6325F84425000A8C5D /* AppDelegate.swift */; };
		3228CE6625F84425000A8C5D /* SceneDelegate.swift in Sources */ = {isa = PBXBuildFile; fileRef = 3228CE6525F84425000A8C5D /* SceneDelegate.swift */; };
		3228CE6825F84425000A8C5D /* ViewController.swift in Sources */ = {isa = PBXBuildFile; fileRef = 3228CE6725F84425000A8C5D /* ViewController.swift */; };
		3228CE6B25F84425000A8C5D /* Main.storyboard in Resources */ = {isa = PBXBuildFile; fileRef = 3228CE6925F84425000A8C5D /* Main.storyboard */; };
		3228CE6D25F84427000A8C5D /* Assets.xcassets in Resources */ = {isa = PBXBuildFile; fileRef = 3228CE6C25F84427000A8C5D /* Assets.xcassets */; };
		3228CE7025F84427000A8C5D /* LaunchScreen.storyboard in Resources */ = {isa = PBXBuildFile; fileRef = 3228CE6E25F84427000A8C5D /* LaunchScreen.storyboard */; };
		3228CE7B25F84427000A8C5D /* BadAppTests.swift in Sources */ = {isa = PBXBuildFile; fileRef = 3228CE7A25F84427000A8C5D /* BadAppTests.swift */; };
		3228CE8625F84427000A8C5D /* BadAppUITests.swift in Sources */ = {isa = PBXBuildFile; fileRef = 3228CE8525F84427000A8C5D /* BadAppUITests.swift */; };
		3228CE9C25F84466000A8C5D /* BrokenPackage in Frameworks */ = {isa = PBXBuildFile; productRef = 3228CE9B25F84466000A8C5D /* BrokenPackage */; };
		3228CE9D25F84466000A8C5D /* BrokenPackage in Embed Frameworks */ = {isa = PBXBuildFile; productRef = 3228CE9B25F84466000A8C5D /* BrokenPackage */; settings = {ATTRIBUTES = (CodeSignOnCopy, ); }; };
		3228CEA025F84473000A8C5D /* BrokenPackage in Frameworks */ = {isa = PBXBuildFile; productRef = 3228CE9F25F84473000A8C5D /* BrokenPackage */; };
		3228CEA225F84473000A8C5D /* BrokenPackage in Embed Frameworks */ = {isa = PBXBuildFile; productRef = 3228CE9F25F84473000A8C5D /* BrokenPackage */; settings = {ATTRIBUTES = (CodeSignOnCopy, ); }; };
/* End PBXBuildFile section */

/* Begin PBXContainerItemProxy section */
		3228CE7725F84427000A8C5D /* PBXContainerItemProxy */ = {
			isa = PBXContainerItemProxy;
			containerPortal = 3228CE5825F84425000A8C5D /* Project object */;
			proxyType = 1;
			remoteGlobalIDString = 3228CE5F25F84425000A8C5D;
			remoteInfo = BadApp;
		};
		3228CE8225F84427000A8C5D /* PBXContainerItemProxy */ = {
			isa = PBXContainerItemProxy;
			containerPortal = 3228CE5825F84425000A8C5D /* Project object */;
			proxyType = 1;
			remoteGlobalIDString = 3228CE5F25F84425000A8C5D;
			remoteInfo = BadApp;
		};
/* End PBXContainerItemProxy section */

/* Begin PBXCopyFilesBuildPhase section */
		3228CE9E25F84466000A8C5D /* Embed Frameworks */ = {
			isa = PBXCopyFilesBuildPhase;
			buildActionMask = 2147483647;
			dstPath = "";
			dstSubfolderSpec = 10;
			files = (
				3228CE9D25F84466000A8C5D /* BrokenPackage in Embed Frameworks */,
			);
			name = "Embed Frameworks";
			runOnlyForDeploymentPostprocessing = 0;
		};
		3228CEA125F84473000A8C5D /* Embed Frameworks */ = {
			isa = PBXCopyFilesBuildPhase;
			buildActionMask = 2147483647;
			dstPath = "";
			dstSubfolderSpec = 10;
			files = (
				3228CEA225F84473000A8C5D /* BrokenPackage in Embed Frameworks */,
			);
			name = "Embed Frameworks";
			runOnlyForDeploymentPostprocessing = 0;
		};
/* End PBXCopyFilesBuildPhase section */

/* Begin PBXFileReference section */
		3228CE6025F84425000A8C5D /* BadApp.app */ = {isa = PBXFileReference; explicitFileType = wrapper.application; includeInIndex = 0; path = BadApp.app; sourceTree = BUILT_PRODUCTS_DIR; };
		3228CE6325F84425000A8C5D /* AppDelegate.swift */ = {isa = PBXFileReference; lastKnownFileType = sourcecode.swift; path = AppDelegate.swift; sourceTree = "<group>"; };
		3228CE6525F84425000A8C5D /* SceneDelegate.swift */ = {isa = PBXFileReference; lastKnownFileType = sourcecode.swift; path = SceneDelegate.swift; sourceTree = "<group>"; };
		3228CE6725F84425000A8C5D /* ViewController.swift */ = {isa = PBXFileReference; lastKnownFileType = sourcecode.swift; path = ViewController.swift; sourceTree = "<group>"; };
		3228CE6A25F84425000A8C5D /* Base */ = {isa = PBXFileReference; lastKnownFileType = file.storyboard; name = Base; path = Base.lproj/Main.storyboard; sourceTree = "<group>"; };
		3228CE6C25F84427000A8C5D /* Assets.xcassets */ = {isa = PBXFileReference; lastKnownFileType = folder.assetcatalog; path = Assets.xcassets; sourceTree = "<group>"; };
		3228CE6F25F84427000A8C5D /* Base */ = {isa = PBXFileReference; lastKnownFileType = file.storyboard; name = Base; path = Base.lproj/LaunchScreen.storyboard; sourceTree = "<group>"; };
		3228CE7125F84427000A8C5D /* Info.plist */ = {isa = PBXFileReference; lastKnownFileType = text.plist.xml; path = Info.plist; sourceTree = "<group>"; };
		3228CE7625F84427000A8C5D /* BadAppTests.xctest */ = {isa = PBXFileReference; explicitFileType = wrapper.cfbundle; includeInIndex = 0; path = BadAppTests.xctest; sourceTree = BUILT_PRODUCTS_DIR; };
		3228CE7A25F84427000A8C5D /* BadAppTests.swift */ = {isa = PBXFileReference; lastKnownFileType = sourcecode.swift; path = BadAppTests.swift; sourceTree = "<group>"; };
		3228CE7C25F84427000A8C5D /* Info.plist */ = {isa = PBXFileReference; lastKnownFileType = text.plist.xml; path = Info.plist; sourceTree = "<group>"; };
		3228CE8125F84427000A8C5D /* BadAppUITests.xctest */ = {isa = PBXFileReference; explicitFileType = wrapper.cfbundle; includeInIndex = 0; path = BadAppUITests.xctest; sourceTree = BUILT_PRODUCTS_DIR; };
		3228CE8525F84427000A8C5D /* BadAppUITests.swift */ = {isa = PBXFileReference; lastKnownFileType = sourcecode.swift; path = BadAppUITests.swift; sourceTree = "<group>"; };
		3228CE8725F84427000A8C5D /* Info.plist */ = {isa = PBXFileReference; lastKnownFileType = text.plist.xml; path = Info.plist; sourceTree = "<group>"; };
		3228CE9625F84441000A8C5D /* BrokenPackage */ = {isa = PBXFileReference; lastKnownFileType = folder; path = BrokenPackage; sourceTree = "<group>"; };
/* End PBXFileReference section */

/* Begin PBXFrameworksBuildPhase section */
		3228CE5D25F84425000A8C5D /* Frameworks */ = {
			isa = PBXFrameworksBuildPhase;
			buildActionMask = 2147483647;
			files = (
				3228CE9C25F84466000A8C5D /* BrokenPackage in Frameworks */,
			);
			runOnlyForDeploymentPostprocessing = 0;
		};
		3228CE7325F84427000A8C5D /* Frameworks */ = {
			isa = PBXFrameworksBuildPhase;
			buildActionMask = 2147483647;
			files = (
				3228CEA025F84473000A8C5D /* BrokenPackage in Frameworks */,
			);
			runOnlyForDeploymentPostprocessing = 0;
		};
		3228CE7E25F84427000A8C5D /* Frameworks */ = {
			isa = PBXFrameworksBuildPhase;
			buildActionMask = 2147483647;
			files = (
			);
			runOnlyForDeploymentPostprocessing = 0;
		};
/* End PBXFrameworksBuildPhase section */

/* Begin PBXGroup section */
		3228CE5725F84425000A8C5D = {
			isa = PBXGroup;
			children = (
				3228CE9625F84441000A8C5D /* BrokenPackage */,
				3228CE6225F84425000A8C5D /* BadApp */,
				3228CE7925F84427000A8C5D /* BadAppTests */,
				3228CE8425F84427000A8C5D /* BadAppUITests */,
				3228CE6125F84425000A8C5D /* Products */,
				3228CE9A25F84466000A8C5D /* Frameworks */,
			);
			sourceTree = "<group>";
		};
		3228CE6125F84425000A8C5D /* Products */ = {
			isa = PBXGroup;
			children = (
				3228CE6025F84425000A8C5D /* BadApp.app */,
				3228CE7625F84427000A8C5D /* BadAppTests.xctest */,
				3228CE8125F84427000A8C5D /* BadAppUITests.xctest */,
			);
			name = Products;
			sourceTree = "<group>";
		};
		3228CE6225F84425000A8C5D /* BadApp */ = {
			isa = PBXGroup;
			children = (
				3228CE6325F84425000A8C5D /* AppDelegate.swift */,
				3228CE6525F84425000A8C5D /* SceneDelegate.swift */,
				3228CE6725F84425000A8C5D /* ViewController.swift */,
				3228CE6925F84425000A8C5D /* Main.storyboard */,
				3228CE6C25F84427000A8C5D /* Assets.xcassets */,
				3228CE6E25F84427000A8C5D /* LaunchScreen.storyboard */,
				3228CE7125F84427000A8C5D /* Info.plist */,
			);
			path = BadApp;
			sourceTree = "<group>";
		};
		3228CE7925F84427000A8C5D /* BadAppTests */ = {
			isa = PBXGroup;
			children = (
				3228CE7A25F84427000A8C5D /* BadAppTests.swift */,
				3228CE7C25F84427000A8C5D /* Info.plist */,
			);
			path = BadAppTests;
			sourceTree = "<group>";
		};
		3228CE8425F84427000A8C5D /* BadAppUITests */ = {
			isa = PBXGroup;
			children = (
				3228CE8525F84427000A8C5D /* BadAppUITests.swift */,
				3228CE8725F84427000A8C5D /* Info.plist */,
			);
			path = BadAppUITests;
			sourceTree = "<group>";
		};
		3228CE9A25F84466000A8C5D /* Frameworks */ = {
			isa = PBXGroup;
			children = (
			);
			name = Frameworks;
			sourceTree = "<group>";
		};
/* End PBXGroup section */

/* Begin PBXNativeTarget section */
		3228CE5F25F84425000A8C5D /* BadApp */ = {
			isa = PBXNativeTarget;
			buildConfigurationList = 3228CE8A25F84427000A8C5D /* Build configuration list for PBXNativeTarget "BadApp" */;
			buildPhases = (
				3228CE5C25F84425000A8C5D /* Sources */,
				3228CE5D25F84425000A8C5D /* Frameworks */,
				3228CE5E25F84425000A8C5D /* Resources */,
				3228CE9E25F84466000A8C5D /* Embed Frameworks */,
			);
			buildRules = (
			);
			dependencies = (
			);
			name = BadApp;
			packageProductDependencies = (
				3228CE9B25F84466000A8C5D /* BrokenPackage */,
			);
			productName = BadApp;
			productReference = 3228CE6025F84425000A8C5D /* BadApp.app */;
			productType = "com.apple.product-type.application";
		};
		3228CE7525F84427000A8C5D /* BadAppTests */ = {
			isa = PBXNativeTarget;
			buildConfigurationList = 3228CE8D25F84427000A8C5D /* Build configuration list for PBXNativeTarget "BadAppTests" */;
			buildPhases = (
				3228CE7225F84427000A8C5D /* Sources */,
				3228CE7325F84427000A8C5D /* Frameworks */,
				3228CE7425F84427000A8C5D /* Resources */,
				3228CEA125F84473000A8C5D /* Embed Frameworks */,
			);
			buildRules = (
			);
			dependencies = (
				3228CE7825F84427000A8C5D /* PBXTargetDependency */,
			);
			name = BadAppTests;
			packageProductDependencies = (
				3228CE9F25F84473000A8C5D /* BrokenPackage */,
			);
			productName = BadAppTests;
			productReference = 3228CE7625F84427000A8C5D /* BadAppTests.xctest */;
			productType = "com.apple.product-type.bundle.unit-test";
		};
		3228CE8025F84427000A8C5D /* BadAppUITests */ = {
			isa = PBXNativeTarget;
			buildConfigurationList = 3228CE9025F84427000A8C5D /* Build configuration list for PBXNativeTarget "BadAppUITests" */;
			buildPhases = (
				3228CE7D25F84427000A8C5D /* Sources */,
				3228CE7E25F84427000A8C5D /* Frameworks */,
				3228CE7F25F84427000A8C5D /* Resources */,
			);
			buildRules = (
			);
			dependencies = (
				3228CE8325F84427000A8C5D /* PBXTargetDependency */,
			);
			name = BadAppUITests;
			productName = BadAppUITests;
			productReference = 3228CE8125F84427000A8C5D /* BadAppUITests.xctest */;
			productType = "com.apple.product-type.bundle.ui-testing";
		};
/* End PBXNativeTarget section */

/* Begin PBXProject section */
		3228CE5825F84425000A8C5D /* Project object */ = {
			isa = PBXProject;
			attributes = {
				LastSwiftUpdateCheck = 1240;
				LastUpgradeCheck = 1240;
				TargetAttributes = {
					3228CE5F25F84425000A8C5D = {
						CreatedOnToolsVersion = 12.4;
					};
					3228CE7525F84427000A8C5D = {
						CreatedOnToolsVersion = 12.4;
						TestTargetID = 3228CE5F25F84425000A8C5D;
					};
					3228CE8025F84427000A8C5D = {
						CreatedOnToolsVersion = 12.4;
						TestTargetID = 3228CE5F25F84425000A8C5D;
					};
				};
			};
			buildConfigurationList = 3228CE5B25F84425000A8C5D /* Build configuration list for PBXProject "BadApp" */;
			compatibilityVersion = "Xcode 9.3";
			developmentRegion = en;
			hasScannedForEncodings = 0;
			knownRegions = (
				en,
				Base,
			);
			mainGroup = 3228CE5725F84425000A8C5D;
			productRefGroup = 3228CE6125F84425000A8C5D /* Products */;
			projectDirPath = "";
			projectRoot = "";
			targets = (
				3228CE5F25F84425000A8C5D /* BadApp */,
				3228CE7525F84427000A8C5D /* BadAppTests */,
				3228CE8025F84427000A8C5D /* BadAppUITests */,
			);
		};
/* End PBXProject section */

/* Begin PBXResourcesBuildPhase section */
		3228CE5E25F84425000A8C5D /* Resources */ = {
			isa = PBXResourcesBuildPhase;
			buildActionMask = 2147483647;
			files = (
				3228CE7025F84427000A8C5D /* LaunchScreen.storyboard in Resources */,
				3228CE6D25F84427000A8C5D /* Assets.xcassets in Resources */,
				3228CE6B25F84425000A8C5D /* Main.storyboard in Resources */,
			);
			runOnlyForDeploymentPostprocessing = 0;
		};
		3228CE7425F84427000A8C5D /* Resources */ = {
			isa = PBXResourcesBuildPhase;
			buildActionMask = 2147483647;
			files = (
			);
			runOnlyForDeploymentPostprocessing = 0;
		};
		3228CE7F25F84427000A8C5D /* Resources */ = {
			isa = PBXResourcesBuildPhase;
			buildActionMask = 2147483647;
			files = (
			);
			runOnlyForDeploymentPostprocessing = 0;
		};
/* End PBXResourcesBuildPhase section */

/* Begin PBXSourcesBuildPhase section */
		3228CE5C25F84425000A8C5D /* Sources */ = {
			isa = PBXSourcesBuildPhase;
			buildActionMask = 2147483647;
			files = (
				3228CE6825F84425000A8C5D /* ViewController.swift in Sources */,
				3228CE6425F84425000A8C5D /* AppDelegate.swift in Sources */,
				3228CE6625F84425000A8C5D /* SceneDelegate.swift in Sources */,
			);
			runOnlyForDeploymentPostprocessing = 0;
		};
		3228CE7225F84427000A8C5D /* Sources */ = {
			isa = PBXSourcesBuildPhase;
			buildActionMask = 2147483647;
			files = (
				3228CE7B25F84427000A8C5D /* BadAppTests.swift in Sources */,
			);
			runOnlyForDeploymentPostprocessing = 0;
		};
		3228CE7D25F84427000A8C5D /* Sources */ = {
			isa = PBXSourcesBuildPhase;
			buildActionMask = 2147483647;
			files = (
				3228CE8625F84427000A8C5D /* BadAppUITests.swift in Sources */,
			);
			runOnlyForDeploymentPostprocessing = 0;
		};
/* End PBXSourcesBuildPhase section */

/* Begin PBXTargetDependency section */
		3228CE7825F84427000A8C5D /* PBXTargetDependency */ = {
			isa = PBXTargetDependency;
			target = 3228CE5F25F84425000A8C5D /* BadApp */;
			targetProxy = 3228CE7725F84427000A8C5D /* PBXContainerItemProxy */;
		};
		3228CE8325F84427000A8C5D /* PBXTargetDependency */ = {
			isa = PBXTargetDependency;
			target = 3228CE5F25F84425000A8C5D /* BadApp */;
			targetProxy = 3228CE8225F84427000A8C5D /* PBXContainerItemProxy */;
		};
/* End PBXTargetDependency section */

/* Begin PBXVariantGroup section */
		3228CE6925F84425000A8C5D /* Main.storyboard */ = {
			isa = PBXVariantGroup;
			children = (
				3228CE6A25F84425000A8C5D /* Base */,
			);
			name = Main.storyboard;
			sourceTree = "<group>";
		};
		3228CE6E25F84427000A8C5D /* LaunchScreen.storyboard */ = {
			isa = PBXVariantGroup;
			children = (
				3228CE6F25F84427000A8C5D /* Base */,
			);
			name = LaunchScreen.storyboard;
			sourceTree = "<group>";
		};
/* End PBXVariantGroup section */

/* Begin XCBuildConfiguration section */
		3228CE8825F84427000A8C5D /* Debug */ = {
			isa = XCBuildConfiguration;
			buildSettings = {
				ALWAYS_SEARCH_USER_PATHS = NO;
				CLANG_ANALYZER_NONNULL = YES;
				CLANG_ANALYZER_NUMBER_OBJECT_CONVERSION = YES_AGGRESSIVE;
				CLANG_CXX_LANGUAGE_STANDARD = "gnu++14";
				CLANG_CXX_LIBRARY = "libc++";
				CLANG_ENABLE_MODULES = YES;
				CLANG_ENABLE_OBJC_ARC = YES;
				CLANG_ENABLE_OBJC_WEAK = YES;
				CLANG_WARN_BLOCK_CAPTURE_AUTORELEASING = YES;
				CLANG_WARN_BOOL_CONVERSION = YES;
				CLANG_WARN_COMMA = YES;
				CLANG_WARN_CONSTANT_CONVERSION = YES;
				CLANG_WARN_DEPRECATED_OBJC_IMPLEMENTATIONS = YES;
				CLANG_WARN_DIRECT_OBJC_ISA_USAGE = YES_ERROR;
				CLANG_WARN_DOCUMENTATION_COMMENTS = YES;
				CLANG_WARN_EMPTY_BODY = YES;
				CLANG_WARN_ENUM_CONVERSION = YES;
				CLANG_WARN_INFINITE_RECURSION = YES;
				CLANG_WARN_INT_CONVERSION = YES;
				CLANG_WARN_NON_LITERAL_NULL_CONVERSION = YES;
				CLANG_WARN_OBJC_IMPLICIT_RETAIN_SELF = YES;
				CLANG_WARN_OBJC_LITERAL_CONVERSION = YES;
				CLANG_WARN_OBJC_ROOT_CLASS = YES_ERROR;
				CLANG_WARN_QUOTED_INCLUDE_IN_FRAMEWORK_HEADER = YES;
				CLANG_WARN_RANGE_LOOP_ANALYSIS = YES;
				CLANG_WARN_STRICT_PROTOTYPES = YES;
				CLANG_WARN_SUSPICIOUS_MOVE = YES;
				CLANG_WARN_UNGUARDED_AVAILABILITY = YES_AGGRESSIVE;
				CLANG_WARN_UNREACHABLE_CODE = YES;
				CLANG_WARN__DUPLICATE_METHOD_MATCH = YES;
				COPY_PHASE_STRIP = NO;
				DEBUG_INFORMATION_FORMAT = dwarf;
				ENABLE_STRICT_OBJC_MSGSEND = YES;
				ENABLE_TESTABILITY = YES;
				GCC_C_LANGUAGE_STANDARD = gnu11;
				GCC_DYNAMIC_NO_PIC = NO;
				GCC_NO_COMMON_BLOCKS = YES;
				GCC_OPTIMIZATION_LEVEL = 0;
				GCC_PREPROCESSOR_DEFINITIONS = (
					"DEBUG=1",
					"$(inherited)",
				);
				GCC_WARN_64_TO_32_BIT_CONVERSION = YES;
				GCC_WARN_ABOUT_RETURN_TYPE = YES_ERROR;
				GCC_WARN_UNDECLARED_SELECTOR = YES;
				GCC_WARN_UNINITIALIZED_AUTOS = YES_AGGRESSIVE;
				GCC_WARN_UNUSED_FUNCTION = YES;
				GCC_WARN_UNUSED_VARIABLE = YES;
				IPHONEOS_DEPLOYMENT_TARGET = 14.1;
				MTL_ENABLE_DEBUG_INFO = INCLUDE_SOURCE;
				MTL_FAST_MATH = YES;
				ONLY_ACTIVE_ARCH = YES;
				SDKROOT = iphoneos;
				SWIFT_ACTIVE_COMPILATION_CONDITIONS = DEBUG;
				SWIFT_OPTIMIZATION_LEVEL = "-Onone";
			};
			name = Debug;
		};
		3228CE8925F84427000A8C5D /* Release */ = {
			isa = XCBuildConfiguration;
			buildSettings = {
				ALWAYS_SEARCH_USER_PATHS = NO;
				CLANG_ANALYZER_NONNULL = YES;
				CLANG_ANALYZER_NUMBER_OBJECT_CONVERSION = YES_AGGRESSIVE;
				CLANG_CXX_LANGUAGE_STANDARD = "gnu++14";
				CLANG_CXX_LIBRARY = "libc++";
				CLANG_ENABLE_MODULES = YES;
				CLANG_ENABLE_OBJC_ARC = YES;
				CLANG_ENABLE_OBJC_WEAK = YES;
				CLANG_WARN_BLOCK_CAPTURE_AUTORELEASING = YES;
				CLANG_WARN_BOOL_CONVERSION = YES;
				CLANG_WARN_COMMA = YES;
				CLANG_WARN_CONSTANT_CONVERSION = YES;
				CLANG_WARN_DEPRECATED_OBJC_IMPLEMENTATIONS = YES;
				CLANG_WARN_DIRECT_OBJC_ISA_USAGE = YES_ERROR;
				CLANG_WARN_DOCUMENTATION_COMMENTS = YES;
				CLANG_WARN_EMPTY_BODY = YES;
				CLANG_WARN_ENUM_CONVERSION = YES;
				CLANG_WARN_INFINITE_RECURSION = YES;
				CLANG_WARN_INT_CONVERSION = YES;
				CLANG_WARN_NON_LITERAL_NULL_CONVERSION = YES;
				CLANG_WARN_OBJC_IMPLICIT_RETAIN_SELF = YES;
				CLANG_WARN_OBJC_LITERAL_CONVERSION = YES;
				CLANG_WARN_OBJC_ROOT_CLASS = YES_ERROR;
				CLANG_WARN_QUOTED_INCLUDE_IN_FRAMEWORK_HEADER = YES;
				CLANG_WARN_RANGE_LOOP_ANALYSIS = YES;
				CLANG_WARN_STRICT_PROTOTYPES = YES;
				CLANG_WARN_SUSPICIOUS_MOVE = YES;
				CLANG_WARN_UNGUARDED_AVAILABILITY = YES_AGGRESSIVE;
				CLANG_WARN_UNREACHABLE_CODE = YES;
				CLANG_WARN__DUPLICATE_METHOD_MATCH = YES;
				COPY_PHASE_STRIP = NO;
				DEBUG_INFORMATION_FORMAT = "dwarf-with-dsym";
				ENABLE_NS_ASSERTIONS = NO;
				ENABLE_STRICT_OBJC_MSGSEND = YES;
				GCC_C_LANGUAGE_STANDARD = gnu11;
				GCC_NO_COMMON_BLOCKS = YES;
				GCC_WARN_64_TO_32_BIT_CONVERSION = YES;
				GCC_WARN_ABOUT_RETURN_TYPE = YES_ERROR;
				GCC_WARN_UNDECLARED_SELECTOR = YES;
				GCC_WARN_UNINITIALIZED_AUTOS = YES_AGGRESSIVE;
				GCC_WARN_UNUSED_FUNCTION = YES;
				GCC_WARN_UNUSED_VARIABLE = YES;
				IPHONEOS_DEPLOYMENT_TARGET = 14.1;
				MTL_ENABLE_DEBUG_INFO = NO;
				MTL_FAST_MATH = YES;
				SDKROOT = iphoneos;
				SWIFT_COMPILATION_MODE = wholemodule;
				SWIFT_OPTIMIZATION_LEVEL = "-O";
				VALIDATE_PRODUCT = YES;
			};
			name = Release;
		};
		3228CE8B25F84427000A8C5D /* Debug */ = {
			isa = XCBuildConfiguration;
			buildSettings = {
				ASSETCATALOG_COMPILER_APPICON_NAME = AppIcon;
				ASSETCATALOG_COMPILER_GLOBAL_ACCENT_COLOR_NAME = AccentColor;
				CODE_SIGN_STYLE = Automatic;
				DEVELOPMENT_TEAM = K7R4MCZ9EX;
				INFOPLIST_FILE = BadApp/Info.plist;
				LD_RUNPATH_SEARCH_PATHS = (
					"$(inherited)",
					"@executable_path/Frameworks",
				);
				PRODUCT_BUNDLE_IDENTIFIER = com.test.spp.sub.BadApp;
				PRODUCT_NAME = "$(TARGET_NAME)";
				SWIFT_VERSION = 5.0;
				TARGETED_DEVICE_FAMILY = "1,2";
			};
			name = Debug;
		};
		3228CE8C25F84427000A8C5D /* Release */ = {
			isa = XCBuildConfiguration;
			buildSettings = {
				ASSETCATALOG_COMPILER_APPICON_NAME = AppIcon;
				ASSETCATALOG_COMPILER_GLOBAL_ACCENT_COLOR_NAME = AccentColor;
				CODE_SIGN_STYLE = Automatic;
				DEVELOPMENT_TEAM = K7R4MCZ9EX;
				INFOPLIST_FILE = BadApp/Info.plist;
				LD_RUNPATH_SEARCH_PATHS = (
					"$(inherited)",
					"@executable_path/Frameworks",
				);
				PRODUCT_BUNDLE_IDENTIFIER = com.test.spp.sub.BadApp;
				PRODUCT_NAME = "$(TARGET_NAME)";
				SWIFT_VERSION = 5.0;
				TARGETED_DEVICE_FAMILY = "1,2";
			};
			name = Release;
		};
		3228CE8E25F84427000A8C5D /* Debug */ = {
			isa = XCBuildConfiguration;
			buildSettings = {
				ALWAYS_EMBED_SWIFT_STANDARD_LIBRARIES = YES;
				BUNDLE_LOADER = "$(TEST_HOST)";
				CODE_SIGN_STYLE = Automatic;
				DEVELOPMENT_TEAM = K7R4MCZ9EX;
				INFOPLIST_FILE = BadAppTests/Info.plist;
				IPHONEOS_DEPLOYMENT_TARGET = 14.4;
				LD_RUNPATH_SEARCH_PATHS = (
					"$(inherited)",
					"@executable_path/Frameworks",
					"@loader_path/Frameworks",
				);
				PRODUCT_BUNDLE_IDENTIFIER = com.test.spp.sub.BadAppTests;
				PRODUCT_NAME = "$(TARGET_NAME)";
				SWIFT_VERSION = 5.0;
				TARGETED_DEVICE_FAMILY = "1,2";
				TEST_HOST = "$(BUILT_PRODUCTS_DIR)/BadApp.app/BadApp";
			};
			name = Debug;
		};
		3228CE8F25F84427000A8C5D /* Release */ = {
			isa = XCBuildConfiguration;
			buildSettings = {
				ALWAYS_EMBED_SWIFT_STANDARD_LIBRARIES = YES;
				BUNDLE_LOADER = "$(TEST_HOST)";
				CODE_SIGN_STYLE = Automatic;
				DEVELOPMENT_TEAM = K7R4MCZ9EX;
				INFOPLIST_FILE = BadAppTests/Info.plist;
				IPHONEOS_DEPLOYMENT_TARGET = 14.4;
				LD_RUNPATH_SEARCH_PATHS = (
					"$(inherited)",
					"@executable_path/Frameworks",
					"@loader_path/Frameworks",
				);
				PRODUCT_BUNDLE_IDENTIFIER = com.test.spp.sub.BadAppTests;
				PRODUCT_NAME = "$(TARGET_NAME)";
				SWIFT_VERSION = 5.0;
				TARGETED_DEVICE_FAMILY = "1,2";
				TEST_HOST = "$(BUILT_PRODUCTS_DIR)/BadApp.app/BadApp";
			};
			name = Release;
		};
		3228CE9125F84427000A8C5D /* Debug */ = {
			isa = XCBuildConfiguration;
			buildSettings = {
				ALWAYS_EMBED_SWIFT_STANDARD_LIBRARIES = YES;
				CODE_SIGN_STYLE = Automatic;
				DEVELOPMENT_TEAM = K7R4MCZ9EX;
				INFOPLIST_FILE = BadAppUITests/Info.plist;
				LD_RUNPATH_SEARCH_PATHS = (
					"$(inherited)",
					"@executable_path/Frameworks",
					"@loader_path/Frameworks",
				);
				PRODUCT_BUNDLE_IDENTIFIER = com.test.spp.sub.BadAppUITests;
				PRODUCT_NAME = "$(TARGET_NAME)";
				SWIFT_VERSION = 5.0;
				TARGETED_DEVICE_FAMILY = "1,2";
				TEST_TARGET_NAME = BadApp;
			};
			name = Debug;
		};
		3228CE9225F84427000A8C5D /* Release */ = {
			isa = XCBuildConfiguration;
			buildSettings = {
				ALWAYS_EMBED_SWIFT_STANDARD_LIBRARIES = YES;
				CODE_SIGN_STYLE = Automatic;
				DEVELOPMENT_TEAM = K7R4MCZ9EX;
				INFOPLIST_FILE = BadAppUITests/Info.plist;
				LD_RUNPATH_SEARCH_PATHS = (
					"$(inherited)",
					"@executable_path/Frameworks",
					"@loader_path/Frameworks",
				);
				PRODUCT_BUNDLE_IDENTIFIER = com.test.spp.sub.BadAppUITests;
				PRODUCT_NAME = "$(TARGET_NAME)";
				SWIFT_VERSION = 5.0;
				TARGETED_DEVICE_FAMILY = "1,2";
				TEST_TARGET_NAME = BadApp;
			};
			name = Release;
		};
/* End XCBuildConfiguration section */

/* Begin XCConfigurationList section */
		3228CE5B25F84425000A8C5D /* Build configuration list for PBXProject "BadApp" */ = {
			isa = XCConfigurationList;
			buildConfigurations = (
				3228CE8825F84427000A8C5D /* Debug */,
				3228CE8925F84427000A8C5D /* Release */,
			);
			defaultConfigurationIsVisible = 0;
			defaultConfigurationName = Release;
		};
		3228CE8A25F84427000A8C5D /* Build configuration list for PBXNativeTarget "BadApp" */ = {
			isa = XCConfigurationList;
			buildConfigurations = (
				3228CE8B25F84427000A8C5D /* Debug */,
				3228CE8C25F84427000A8C5D /* Release */,
			);
			defaultConfigurationIsVisible = 0;
			defaultConfigurationName = Release;
		};
		3228CE8D25F84427000A8C5D /* Build configuration list for PBXNativeTarget "BadAppTests" */ = {
			isa = XCConfigurationList;
			buildConfigurations = (
				3228CE8E25F84427000A8C5D /* Debug */,
				3228CE8F25F84427000A8C5D /* Release */,
			);
			defaultConfigurationIsVisible = 0;
			defaultConfigurationName = Release;
		};
		3228CE9025F84427000A8C5D /* Build configuration list for PBXNativeTarget "BadAppUITests" */ = {
			isa = XCConfigurationList;
			buildConfigurations = (
				3228CE9125F84427000A8C5D /* Debug */,
				3228CE9225F84427000A8C5D /* Release */,
			);
			defaultConfigurationIsVisible = 0;
			defaultConfigurationName = Release;
		};
/* End XCConfigurationList section */

/* Begin XCSwiftPackageProductDependency section */
		3228CE9B25F84466000A8C5D /* BrokenPackage */ = {
			isa = XCSwiftPackageProductDependency;
			productName = BrokenPackage;
		};
		3228CE9F25F84473000A8C5D /* BrokenPackage */ = {
			isa = XCSwiftPackageProductDependency;
			productName = BrokenPackage;
		};
/* End XCSwiftPackageProductDependency section */
	};
	rootObject = 3228CE5825F84425000A8C5D /* Project object */;
}
